{
    "version": 3,
    "terraform_version": "0.11.10",
    "serial": 6,
    "lineage": "6bb1be89-8f34-e440-be01-33947a50acd5",
    "modules": [
        {
            "path": [
                "root"
            ],
            "outputs": {},
            "resources": {
                "data.vsphere_compute_cluster.cluster": {
                    "type": "vsphere_compute_cluster",
                    "depends_on": [
                        "data.vsphere_datacenter.dc"
                    ],
                    "primary": {
                        "id": "domain-c7",
                        "attributes": {
                            "datacenter_id": "datacenter-2",
                            "id": "domain-c7",
                            "name": "vProdWindows",
                            "resource_pool_id": "resgroup-8"
                        },
                        "meta": {},
                        "tainted": false
                    },
                    "deposed": [],
                    "provider": "provider.vsphere"
                },
                "data.vsphere_datacenter.dc": {
                    "type": "vsphere_datacenter",
                    "depends_on": [],
                    "primary": {
                        "id": "datacenter-2",
                        "attributes": {
                            "id": "datacenter-2",
                            "name": "vCPD-Telecinco"
                        },
                        "meta": {},
                        "tainted": false
                    },
                    "deposed": [],
                    "provider": "provider.vsphere"
                },
                "data.vsphere_datastore.datastore": {
                    "type": "vsphere_datastore",
                    "depends_on": [
                        "data.vsphere_datacenter.dc"
                    ],
                    "primary": {
                        "id": "datastore-21",
                        "attributes": {
                            "datacenter_id": "datacenter-2",
                            "id": "datastore-21",
                            "name": "EMC_DATASTORE_WINDOWS_06"
                        },
                        "meta": {},
                        "tainted": false
                    },
                    "deposed": [],
                    "provider": "provider.vsphere"
                },
                "data.vsphere_network.network": {
                    "type": "vsphere_network",
                    "depends_on": [
                        "data.vsphere_datacenter.dc"
                    ],
                    "primary": {
                        "id": "network-28",
                        "attributes": {
                            "datacenter_id": "datacenter-2",
                            "id": "network-28",
                            "name": "82",
                            "type": "Network"
                        },
                        "meta": {},
                        "tainted": false
                    },
                    "deposed": [],
                    "provider": "provider.vsphere"
                },
                "data.vsphere_virtual_machine.template": {
                    "type": "vsphere_virtual_machine",
                    "depends_on": [
                        "data.vsphere_datacenter.dc"
                    ],
                    "primary": {
                        "id": "4233d850-7bfc-dbf4-331e-efc9d222c583",
                        "attributes": {
                            "alternate_guest_name": "",
                            "datacenter_id": "datacenter-2",
                            "disks.#": "3",
                            "disks.0.eagerly_scrub": "false",
                            "disks.0.size": "60",
                            "disks.0.thin_provisioned": "true",
                            "disks.1.eagerly_scrub": "false",
                            "disks.1.size": "32",
                            "disks.1.thin_provisioned": "true",
                            "disks.2.eagerly_scrub": "false",
                            "disks.2.size": "50",
                            "disks.2.thin_provisioned": "true",
                            "firmware": "bios",
                            "guest_id": "windows9Server64Guest",
                            "id": "4233d850-7bfc-dbf4-331e-efc9d222c583",
                            "name": "WS2016-64X 26_10_18",
                            "network_interface_types.#": "1",
                            "network_interface_types.0": "vmxnet3",
                            "scsi_bus_sharing": "noSharing",
                            "scsi_controller_scan_count": "1",
                            "scsi_type": "lsilogic-sas"
                        },
                        "meta": {},
                        "tainted": false
                    },
                    "deposed": [],
                    "provider": "provider.vsphere"
                },
                "vsphere_virtual_machine.vm": {
                    "type": "vsphere_virtual_machine",
                    "depends_on": [
                        "data.vsphere_compute_cluster.cluster",
                        "data.vsphere_datastore.datastore",
                        "data.vsphere_network.network",
                        "data.vsphere_virtual_machine.template"
                    ],
                    "primary": {
                        "id": "4233420f-b3ba-39ff-4462-832cb7d41a65",
                        "attributes": {
                            "alternate_guest_name": "",
                            "annotation": "",
                            "boot_delay": "0",
                            "boot_retry_delay": "10000",
                            "boot_retry_enabled": "false",
                            "cdrom.#": "0",
                            "change_version": "2018-12-12T12:15:44.154515Z",
                            "clone.#": "1",
                            "clone.0.customize.#": "1",
                            "clone.0.customize.0.dns_server_list.#": "0",
                            "clone.0.customize.0.dns_suffix_list.#": "0",
                            "clone.0.customize.0.ipv4_gateway": "10.100.82.254",
                            "clone.0.customize.0.ipv6_gateway": "",
                            "clone.0.customize.0.linux_options.#": "0",
                            "clone.0.customize.0.network_interface.#": "1",
                            "clone.0.customize.0.network_interface.0.dns_domain": "",
                            "clone.0.customize.0.network_interface.0.dns_server_list.#": "2",
                            "clone.0.customize.0.network_interface.0.dns_server_list.0": "10.100.0.111",
                            "clone.0.customize.0.network_interface.0.dns_server_list.1": "10.100.80.112",
                            "clone.0.customize.0.network_interface.0.ipv4_address": "10.100.82.70",
                            "clone.0.customize.0.network_interface.0.ipv4_netmask": "24",
                            "clone.0.customize.0.network_interface.0.ipv6_address": "",
                            "clone.0.customize.0.network_interface.0.ipv6_netmask": "0",
                            "clone.0.customize.0.timeout": "10",
                            "clone.0.customize.0.windows_options.#": "1",
                            "clone.0.customize.0.windows_options.0.admin_password": "S1st3m@s.1nf0R",
                            "clone.0.customize.0.windows_options.0.auto_logon": "true",
                            "clone.0.customize.0.windows_options.0.auto_logon_count": "1",
                            "clone.0.customize.0.windows_options.0.computer_name": "msscapp03vmpro",
                            "clone.0.customize.0.windows_options.0.domain_admin_password": "Entraya123",
                            "clone.0.customize.0.windows_options.0.domain_admin_user": "backup@cinconet.local",
                            "clone.0.customize.0.windows_options.0.full_name": "Administrator",
                            "clone.0.customize.0.windows_options.0.join_domain": "cinconet.local",
                            "clone.0.customize.0.windows_options.0.organization_name": "Managed by Terraform",
                            "clone.0.customize.0.windows_options.0.product_key": "",
                            "clone.0.customize.0.windows_options.0.run_once_command_list.#": "4",
                            "clone.0.customize.0.windows_options.0.run_once_command_list.0": "winrm quickconfig -force",
                            "clone.0.customize.0.windows_options.0.run_once_command_list.1": "winrm set winrm/config/client/auth '@{Basic=\"true\"}",
                            "clone.0.customize.0.windows_options.0.run_once_command_list.2": "winrm set winrm/config/service/auth '@{Basic=\"true\"}",
                            "clone.0.customize.0.windows_options.0.run_once_command_list.3": "winrm set winrm/config/Service @{AllowUnencrypted=\"true\"}",
                            "clone.0.customize.0.windows_options.0.time_zone": "85",
                            "clone.0.customize.0.windows_options.0.workgroup": "",
                            "clone.0.customize.0.windows_sysprep_text": "",
                            "clone.0.linked_clone": "false",
                            "clone.0.template_uuid": "4233d850-7bfc-dbf4-331e-efc9d222c583",
                            "clone.0.timeout": "30",
                            "cpu_hot_add_enabled": "false",
                            "cpu_hot_remove_enabled": "false",
                            "cpu_limit": "-1",
                            "cpu_performance_counters_enabled": "false",
                            "cpu_reservation": "0",
                            "cpu_share_count": "4000",
                            "cpu_share_level": "normal",
                            "custom_attributes.%": "0",
                            "datastore_id": "datastore-21",
                            "default_ip_address": "10.100.82.70",
                            "disk.#": "3",
                            "disk.0.attach": "false",
                            "disk.0.datastore_id": "datastore-21",
                            "disk.0.device_address": "scsi:0:0",
                            "disk.0.disk_mode": "persistent",
                            "disk.0.disk_sharing": "sharingNone",
                            "disk.0.eagerly_scrub": "false",
                            "disk.0.io_limit": "-1",
                            "disk.0.io_reservation": "0",
                            "disk.0.io_share_count": "1000",
                            "disk.0.io_share_level": "normal",
                            "disk.0.keep_on_remove": "false",
                            "disk.0.key": "2000",
                            "disk.0.label": "Disco C",
                            "disk.0.name": "",
                            "disk.0.path": "msscapp03vmpro/msscapp03vmpro.vmdk",
                            "disk.0.size": "60",
                            "disk.0.thin_provisioned": "true",
                            "disk.0.unit_number": "0",
                            "disk.0.uuid": "6000C29f-9a91-d680-bacb-4a4191525ac5",
                            "disk.0.write_through": "false",
                            "disk.1.attach": "false",
                            "disk.1.datastore_id": "datastore-21",
                            "disk.1.device_address": "scsi:0:1",
                            "disk.1.disk_mode": "persistent",
                            "disk.1.disk_sharing": "sharingNone",
                            "disk.1.eagerly_scrub": "false",
                            "disk.1.io_limit": "-1",
                            "disk.1.io_reservation": "0",
                            "disk.1.io_share_count": "1000",
                            "disk.1.io_share_level": "normal",
                            "disk.1.keep_on_remove": "false",
                            "disk.1.key": "2001",
                            "disk.1.label": "Disco D",
                            "disk.1.name": "",
                            "disk.1.path": "msscapp03vmpro/msscapp03vmpro_1.vmdk",
                            "disk.1.size": "32",
                            "disk.1.thin_provisioned": "true",
                            "disk.1.unit_number": "1",
                            "disk.1.uuid": "6000C299-f604-7b90-dc1b-2e056338006b",
                            "disk.1.write_through": "false",
                            "disk.2.attach": "false",
                            "disk.2.datastore_id": "datastore-21",
                            "disk.2.device_address": "scsi:0:2",
                            "disk.2.disk_mode": "persistent",
                            "disk.2.disk_sharing": "sharingNone",
                            "disk.2.eagerly_scrub": "false",
                            "disk.2.io_limit": "-1",
                            "disk.2.io_reservation": "0",
                            "disk.2.io_share_count": "1000",
                            "disk.2.io_share_level": "normal",
                            "disk.2.keep_on_remove": "false",
                            "disk.2.key": "2002",
                            "disk.2.label": "Disco E",
                            "disk.2.name": "",
                            "disk.2.path": "msscapp03vmpro/msscapp03vmpro_2.vmdk",
                            "disk.2.size": "50",
                            "disk.2.thin_provisioned": "true",
                            "disk.2.unit_number": "2",
                            "disk.2.uuid": "6000C292-2d9e-84df-e4b0-1f897066b9ba",
                            "disk.2.write_through": "false",
                            "enable_disk_uuid": "false",
                            "enable_logging": "false",
                            "ept_rvi_mode": "automatic",
                            "extra_config.%": "0",
                            "firmware": "bios",
                            "folder": "",
                            "force_power_off": "true",
                            "guest_id": "windows9Server64Guest",
                            "guest_ip_addresses.#": "2",
                            "guest_ip_addresses.0": "10.100.82.70",
                            "guest_ip_addresses.1": "fe80::f907:e4ac:16f:6f65",
                            "host_system_id": "host-649",
                            "hv_mode": "hvAuto",
                            "id": "4233420f-b3ba-39ff-4462-832cb7d41a65",
                            "latency_sensitivity": "normal",
                            "memory": "16384",
                            "memory_hot_add_enabled": "false",
                            "memory_limit": "-1",
                            "memory_reservation": "0",
                            "memory_share_count": "163840",
                            "memory_share_level": "normal",
                            "migrate_wait_timeout": "30",
                            "moid": "vm-152366",
                            "name": "msscapp03vmpro",
                            "nested_hv_enabled": "false",
                            "network_interface.#": "1",
                            "network_interface.0.adapter_type": "vmxnet3",
                            "network_interface.0.bandwidth_limit": "-1",
                            "network_interface.0.bandwidth_reservation": "0",
                            "network_interface.0.bandwidth_share_count": "50",
                            "network_interface.0.bandwidth_share_level": "normal",
                            "network_interface.0.device_address": "pci:0:7",
                            "network_interface.0.key": "4000",
                            "network_interface.0.mac_address": "00:50:56:b3:4d:40",
                            "network_interface.0.network_id": "network-28",
                            "network_interface.0.use_static_mac": "false",
                            "num_cores_per_socket": "1",
                            "num_cpus": "4",
                            "reboot_required": "false",
                            "resource_pool_id": "resgroup-8",
                            "run_tools_scripts_after_power_on": "true",
                            "run_tools_scripts_after_resume": "true",
                            "run_tools_scripts_before_guest_reboot": "false",
                            "run_tools_scripts_before_guest_shutdown": "true",
                            "run_tools_scripts_before_guest_standby": "true",
                            "scsi_bus_sharing": "noSharing",
                            "scsi_controller_count": "1",
                            "scsi_type": "lsilogic-sas",
                            "shutdown_wait_timeout": "3",
                            "swap_placement_policy": "inherit",
                            "sync_time_with_host": "false",
                            "tags.#": "0",
                            "uuid": "4233420f-b3ba-39ff-4462-832cb7d41a65",
                            "vapp_transport.#": "0",
                            "vmware_tools_status": "guestToolsRunning",
                            "vmx_path": "msscapp03vmpro/msscapp03vmpro.vmx",
                            "wait_for_guest_net_routable": "true",
                            "wait_for_guest_net_timeout": "5"
                        },
                        "meta": {
                            "schema_version": "3"
                        },
                        "tainted": false
                    },
                    "deposed": [],
                    "provider": "provider.vsphere"
                },
                "vsphere_virtual_machine.vm2": {
                    "type": "vsphere_virtual_machine",
                    "depends_on": [
                        "data.vsphere_compute_cluster.cluster",
                        "data.vsphere_datastore.datastore",
                        "data.vsphere_network.network",
                        "data.vsphere_virtual_machine.template"
                    ],
                    "primary": {
                        "id": "42330c97-e42c-a8f5-ee91-b3a6148792ca",
                        "attributes": {
                            "alternate_guest_name": "",
                            "annotation": "",
                            "boot_delay": "0",
                            "boot_retry_delay": "10000",
                            "boot_retry_enabled": "false",
                            "cdrom.#": "0",
                            "change_version": "2018-12-12T12:15:32.283361Z",
                            "clone.#": "1",
                            "clone.0.customize.#": "1",
                            "clone.0.customize.0.dns_server_list.#": "0",
                            "clone.0.customize.0.dns_suffix_list.#": "0",
                            "clone.0.customize.0.ipv4_gateway": "10.100.82.254",
                            "clone.0.customize.0.ipv6_gateway": "",
                            "clone.0.customize.0.linux_options.#": "0",
                            "clone.0.customize.0.network_interface.#": "1",
                            "clone.0.customize.0.network_interface.0.dns_domain": "",
                            "clone.0.customize.0.network_interface.0.dns_server_list.#": "2",
                            "clone.0.customize.0.network_interface.0.dns_server_list.0": "10.100.0.111",
                            "clone.0.customize.0.network_interface.0.dns_server_list.1": "10.100.80.112",
                            "clone.0.customize.0.network_interface.0.ipv4_address": "10.100.82.71",
                            "clone.0.customize.0.network_interface.0.ipv4_netmask": "24",
                            "clone.0.customize.0.network_interface.0.ipv6_address": "",
                            "clone.0.customize.0.network_interface.0.ipv6_netmask": "0",
                            "clone.0.customize.0.timeout": "10",
                            "clone.0.customize.0.windows_options.#": "1",
                            "clone.0.customize.0.windows_options.0.admin_password": "S1st3m@s.1nf0R",
                            "clone.0.customize.0.windows_options.0.auto_logon": "true",
                            "clone.0.customize.0.windows_options.0.auto_logon_count": "1",
                            "clone.0.customize.0.windows_options.0.computer_name": "msscapp04vmpro",
                            "clone.0.customize.0.windows_options.0.domain_admin_password": "Entraya123",
                            "clone.0.customize.0.windows_options.0.domain_admin_user": "backup@cinconet.local",
                            "clone.0.customize.0.windows_options.0.full_name": "Administrator",
                            "clone.0.customize.0.windows_options.0.join_domain": "cinconet.local",
                            "clone.0.customize.0.windows_options.0.organization_name": "Managed by Terraform",
                            "clone.0.customize.0.windows_options.0.product_key": "",
                            "clone.0.customize.0.windows_options.0.run_once_command_list.#": "4",
                            "clone.0.customize.0.windows_options.0.run_once_command_list.0": "winrm quickconfig -force",
                            "clone.0.customize.0.windows_options.0.run_once_command_list.1": "winrm set winrm/config/client/auth '@{Basic=\"true\"}",
                            "clone.0.customize.0.windows_options.0.run_once_command_list.2": "winrm set winrm/config/service/auth '@{Basic=\"true\"}",
                            "clone.0.customize.0.windows_options.0.run_once_command_list.3": "winrm set winrm/config/Service @{AllowUnencrypted=\"true\"}",
                            "clone.0.customize.0.windows_options.0.time_zone": "85",
                            "clone.0.customize.0.windows_options.0.workgroup": "",
                            "clone.0.customize.0.windows_sysprep_text": "",
                            "clone.0.linked_clone": "false",
                            "clone.0.template_uuid": "4233d850-7bfc-dbf4-331e-efc9d222c583",
                            "clone.0.timeout": "30",
                            "cpu_hot_add_enabled": "false",
                            "cpu_hot_remove_enabled": "false",
                            "cpu_limit": "-1",
                            "cpu_performance_counters_enabled": "false",
                            "cpu_reservation": "0",
                            "cpu_share_count": "4000",
                            "cpu_share_level": "normal",
                            "custom_attributes.%": "0",
                            "datastore_id": "datastore-21",
                            "default_ip_address": "10.100.82.71",
                            "disk.#": "3",
                            "disk.0.attach": "false",
                            "disk.0.datastore_id": "datastore-21",
                            "disk.0.device_address": "scsi:0:0",
                            "disk.0.disk_mode": "persistent",
                            "disk.0.disk_sharing": "sharingNone",
                            "disk.0.eagerly_scrub": "false",
                            "disk.0.io_limit": "-1",
                            "disk.0.io_reservation": "0",
                            "disk.0.io_share_count": "1000",
                            "disk.0.io_share_level": "normal",
                            "disk.0.keep_on_remove": "false",
                            "disk.0.key": "2000",
                            "disk.0.label": "Disco C",
                            "disk.0.name": "",
                            "disk.0.path": "msscapp04vmpro/msscapp04vmpro.vmdk",
                            "disk.0.size": "60",
                            "disk.0.thin_provisioned": "true",
                            "disk.0.unit_number": "0",
                            "disk.0.uuid": "6000C29f-9a91-d680-bacb-4a4191525ac5",
                            "disk.0.write_through": "false",
                            "disk.1.attach": "false",
                            "disk.1.datastore_id": "datastore-21",
                            "disk.1.device_address": "scsi:0:1",
                            "disk.1.disk_mode": "persistent",
                            "disk.1.disk_sharing": "sharingNone",
                            "disk.1.eagerly_scrub": "false",
                            "disk.1.io_limit": "-1",
                            "disk.1.io_reservation": "0",
                            "disk.1.io_share_count": "1000",
                            "disk.1.io_share_level": "normal",
                            "disk.1.keep_on_remove": "false",
                            "disk.1.key": "2001",
                            "disk.1.label": "Disco D",
                            "disk.1.name": "",
                            "disk.1.path": "msscapp04vmpro/msscapp04vmpro_1.vmdk",
                            "disk.1.size": "32",
                            "disk.1.thin_provisioned": "true",
                            "disk.1.unit_number": "1",
                            "disk.1.uuid": "6000C299-f604-7b90-dc1b-2e056338006b",
                            "disk.1.write_through": "false",
                            "disk.2.attach": "false",
                            "disk.2.datastore_id": "datastore-21",
                            "disk.2.device_address": "scsi:0:2",
                            "disk.2.disk_mode": "persistent",
                            "disk.2.disk_sharing": "sharingNone",
                            "disk.2.eagerly_scrub": "false",
                            "disk.2.io_limit": "-1",
                            "disk.2.io_reservation": "0",
                            "disk.2.io_share_count": "1000",
                            "disk.2.io_share_level": "normal",
                            "disk.2.keep_on_remove": "false",
                            "disk.2.key": "2002",
                            "disk.2.label": "Disco E",
                            "disk.2.name": "",
                            "disk.2.path": "msscapp04vmpro/msscapp04vmpro_2.vmdk",
                            "disk.2.size": "50",
                            "disk.2.thin_provisioned": "true",
                            "disk.2.unit_number": "2",
                            "disk.2.uuid": "6000C292-2d9e-84df-e4b0-1f897066b9ba",
                            "disk.2.write_through": "false",
                            "enable_disk_uuid": "false",
                            "enable_logging": "false",
                            "ept_rvi_mode": "automatic",
                            "extra_config.%": "0",
                            "firmware": "bios",
                            "folder": "",
                            "force_power_off": "true",
                            "guest_id": "windows9Server64Guest",
                            "guest_ip_addresses.#": "2",
                            "guest_ip_addresses.0": "10.100.82.71",
                            "guest_ip_addresses.1": "fe80::e5fc:eb79:d17c:f571",
                            "host_system_id": "host-56",
                            "hv_mode": "hvAuto",
                            "id": "42330c97-e42c-a8f5-ee91-b3a6148792ca",
                            "latency_sensitivity": "normal",
                            "memory": "16384",
                            "memory_hot_add_enabled": "false",
                            "memory_limit": "-1",
                            "memory_reservation": "0",
                            "memory_share_count": "163840",
                            "memory_share_level": "normal",
                            "migrate_wait_timeout": "30",
                            "moid": "vm-152367",
                            "name": "msscapp04vmpro",
                            "nested_hv_enabled": "false",
                            "network_interface.#": "1",
                            "network_interface.0.adapter_type": "vmxnet3",
                            "network_interface.0.bandwidth_limit": "-1",
                            "network_interface.0.bandwidth_reservation": "0",
                            "network_interface.0.bandwidth_share_count": "50",
                            "network_interface.0.bandwidth_share_level": "normal",
                            "network_interface.0.device_address": "pci:0:7",
                            "network_interface.0.key": "4000",
                            "network_interface.0.mac_address": "00:50:56:b3:34:8e",
                            "network_interface.0.network_id": "network-28",
                            "network_interface.0.use_static_mac": "false",
                            "num_cores_per_socket": "1",
                            "num_cpus": "4",
                            "reboot_required": "false",
                            "resource_pool_id": "resgroup-8",
                            "run_tools_scripts_after_power_on": "true",
                            "run_tools_scripts_after_resume": "true",
                            "run_tools_scripts_before_guest_reboot": "false",
                            "run_tools_scripts_before_guest_shutdown": "true",
                            "run_tools_scripts_before_guest_standby": "true",
                            "scsi_bus_sharing": "noSharing",
                            "scsi_controller_count": "1",
                            "scsi_type": "lsilogic-sas",
                            "shutdown_wait_timeout": "3",
                            "swap_placement_policy": "inherit",
                            "sync_time_with_host": "false",
                            "tags.#": "0",
                            "uuid": "42330c97-e42c-a8f5-ee91-b3a6148792ca",
                            "vapp_transport.#": "0",
                            "vmware_tools_status": "guestToolsRunning",
                            "vmx_path": "msscapp04vmpro/msscapp04vmpro.vmx",
                            "wait_for_guest_net_routable": "true",
                            "wait_for_guest_net_timeout": "5"
                        },
                        "meta": {
                            "schema_version": "3"
                        },
                        "tainted": false
                    },
                    "deposed": [],
                    "provider": "provider.vsphere"
                }
            },
            "depends_on": []
        }
    ]
}
